
Microsoft Visual Studio Solution File, Format Version 12.00
# Visual Studio 15
Project("{FAE04EC0-301F-11D3-BF4B-00C04F79EFBC}") = "Assembly-CSharp", "Assembly-CSharp.csproj", "{921B9881-4AD8-E574-03E4-DB06F24C0DD5}"
EndProject
Project("{FAE04EC0-301F-11D3-BF4B-00C04F79EFBC}") = "Assembly-CSharp-Editor", "Assembly-CSharp-Editor.csproj", "{0130ECF0-10DB-E115-B9C1-F0C1F78F2EF3}"
EndProject
Project("{FAE04EC0-301F-11D3-BF4B-00C04F79EFBC}") = "Assembly-CSharp-Editor-firstpass", "Assembly-CSharp-Editor-firstpass.csproj", "{D3F1E303-9342-5BBF-5FD5-3DBCB7A0E4D4}"
EndProject
Global
	GlobalSection(SolutionConfigurationPlatforms) = preSolution
		Debug|Any CPU = Debug|Any CPU
		Release|Any CPU = Release|Any CPU
	EndGlobalSection
	GlobalSection(ProjectConfigurationPlatforms) = postSolution
		{921B9881-4AD8-E574-03E4-DB06F24C0DD5}.Debug|Any CPU.ActiveCfg = Debug|Any CPU
		{921B9881-4AD8-E574-03E4-DB06F24C0DD5}.Debug|Any CPU.Build.0 = Debug|Any CPU
		{921B9881-4AD8-E574-03E4-DB06F24C0DD5}.Release|Any CPU.ActiveCfg = Release|Any CPU
		{921B9881-4AD8-E574-03E4-DB06F24C0DD5}.Release|Any CPU.Build.0 = Release|Any CPU
		{0130ECF0-10DB-E115-B9C1-F0C1F78F2EF3}.Debug|Any CPU.ActiveCfg = Debug|Any CPU
		{0130ECF0-10DB-E115-B9C1-F0C1F78F2EF3}.Debug|Any CPU.Build.0 = Debug|Any CPU
		{0130ECF0-10DB-E115-B9C1-F0C1F78F2EF3}.Release|Any CPU.ActiveCfg = Release|Any CPU
		{0130ECF0-10DB-E115-B9C1-F0C1F78F2EF3}.Release|Any CPU.Build.0 = Release|Any CPU
		{D3F1E303-9342-5BBF-5FD5-3DBCB7A0E4D4}.Debug|Any CPU.ActiveCfg = Debug|Any CPU
		{D3F1E303-9342-5BBF-5FD5-3DBCB7A0E4D4}.Debug|Any CPU.Build.0 = Debug|Any CPU
		{D3F1E303-9342-5BBF-5FD5-3DBCB7A0E4D4}.Release|Any CPU.ActiveCfg = Release|Any CPU
		{D3F1E303-9342-5BBF-5FD5-3DBCB7A0E4D4}.Release|Any CPU.Build.0 = Release|Any CPU
	EndGlobalSection
	GlobalSection(SolutionProperties) = preSolution
		HideSolutionNode = FALSE
	EndGlobalSection
EndGlobal
